
Microsoft Visual Studio Solution File, Format Version 12.00
# Visual Studio Version 17
VisualStudioVersion = 17.11.35222.181
MinimumVisualStudioVersion = 10.0.40219.1
Project("{8BC9CEB8-8B4A-11D0-8D11-00A0C91BC942}") = "ConsoleApplication4", "ConsoleApplication4\ConsoleApplication4.vcxproj", "{62C4976F-C7D0-45BF-ACA2-E2C66C171894}"
EndProject
Global
	GlobalSection(SolutionConfigurationPlatforms) = preSolution
		Debug|x64 = Debug|x64
		Debug|x86 = Debug|x86
		Release|x64 = Release|x64
		Release|x86 = Release|x86
	EndGlobalSection
	GlobalSection(ProjectConfigurationPlatforms) = postSolution
		{62C4976F-C7D0-45BF-ACA2-E2C66C171894}.Debug|x64.ActiveCfg = Debug|x64
		{62C4976F-C7D0-45BF-ACA2-E2C66C171894}.Debug|x64.Build.0 = Debug|x64
		{62C4976F-C7D0-45BF-ACA2-E2C66C171894}.Debug|x86.ActiveCfg = Debug|Win32
		{62C4976F-C7D0-45BF-ACA2-E2C66C171894}.Debug|x86.Build.0 = Debug|Win32
		{62C4976F-C7D0-45BF-ACA2-E2C66C171894}.Release|x64.ActiveCfg = Release|x64
		{62C4976F-C7D0-45BF-ACA2-E2C66C171894}.Release|x64.Build.0 = Release|x64
		{62C4976F-C7D0-45BF-ACA2-E2C66C171894}.Release|x86.ActiveCfg = Release|Win32
		{62C4976F-C7D0-45BF-ACA2-E2C66C171894}.Release|x86.Build.0 = Release|Win32
	EndGlobalSection
	GlobalSection(SolutionProperties) = preSolution
		HideSolutionNode = FALSE
	EndGlobalSection
	GlobalSection(ExtensibilityGlobals) = postSolution
		SolutionGuid = {689038E6-AFC7-4373-9208-139DF0E8D696}
	EndGlobalSection
EndGlobal
