
Microsoft Visual Studio Solution File, Format Version 12.00
# Visual Studio Version 17
VisualStudioVersion = 17.11.35222.181
MinimumVisualStudioVersion = 10.0.40219.1
Project("{8BC9CEB8-8B4A-11D0-8D11-00A0C91BC942}") = "ConsoleApplication19", "ConsoleApplication19\ConsoleApplication19.vcxproj", "{1AF11462-14B4-42B6-818F-1F3AEED51372}"
EndProject
Global
	GlobalSection(SolutionConfigurationPlatforms) = preSolution
		Debug|x64 = Debug|x64
		Debug|x86 = Debug|x86
		Release|x64 = Release|x64
		Release|x86 = Release|x86
	EndGlobalSection
	GlobalSection(ProjectConfigurationPlatforms) = postSolution
		{1AF11462-14B4-42B6-818F-1F3AEED51372}.Debug|x64.ActiveCfg = Debug|x64
		{1AF11462-14B4-42B6-818F-1F3AEED51372}.Debug|x64.Build.0 = Debug|x64
		{1AF11462-14B4-42B6-818F-1F3AEED51372}.Debug|x86.ActiveCfg = Debug|Win32
		{1AF11462-14B4-42B6-818F-1F3AEED51372}.Debug|x86.Build.0 = Debug|Win32
		{1AF11462-14B4-42B6-818F-1F3AEED51372}.Release|x64.ActiveCfg = Release|x64
		{1AF11462-14B4-42B6-818F-1F3AEED51372}.Release|x64.Build.0 = Release|x64
		{1AF11462-14B4-42B6-818F-1F3AEED51372}.Release|x86.ActiveCfg = Release|Win32
		{1AF11462-14B4-42B6-818F-1F3AEED51372}.Release|x86.Build.0 = Release|Win32
	EndGlobalSection
	GlobalSection(SolutionProperties) = preSolution
		HideSolutionNode = FALSE
	EndGlobalSection
	GlobalSection(ExtensibilityGlobals) = postSolution
		SolutionGuid = {8BFE94DD-B993-42D0-8601-DEA237698722}
	EndGlobalSection
EndGlobal
